
Microsoft Visual Studio Solution File, Format Version 12.00
# Visual Studio Version 17
VisualStudioVersion = 17.11.35327.3
MinimumVisualStudioVersion = 10.0.40219.1
Project("{888888A0-9F3D-457C-B088-3A5042F75D52}") = "Proiect_DSS_Decoratiuni", "Proiect_DSS_Decoratiuni.pyproj", "{362ECB43-B2D4-4547-B537-67AAEB1CB83B}"
EndProject
Global
	GlobalSection(SolutionConfigurationPlatforms) = preSolution
		Debug|Any CPU = Debug|Any CPU
		Release|Any CPU = Release|Any CPU
	EndGlobalSection
	GlobalSection(ProjectConfigurationPlatforms) = postSolution
		{362ECB43-B2D4-4547-B537-67AAEB1CB83B}.Debug|Any CPU.ActiveCfg = Debug|Any CPU
		{362ECB43-B2D4-4547-B537-67AAEB1CB83B}.Release|Any CPU.ActiveCfg = Release|Any CPU
	EndGlobalSection
	GlobalSection(SolutionProperties) = preSolution
		HideSolutionNode = FALSE
	EndGlobalSection
	GlobalSection(ExtensibilityGlobals) = postSolution
		SolutionGuid = {F9001E74-9554-4844-9701-BFB936F8965D}
	EndGlobalSection
EndGlobal
